schema: '2.0'
stages:
  prepare:
    cmd: python src/preprocess.py
    deps:
    - path: data/data_raw
      md5: aa44605b7fb3beb0ff5447e41952a290.dir
      size: 4144395524
      nfiles: 800
    - path: src/preprocess.py
      md5: 2866510cc4bfb823d3403e8469ed231c
      size: 1396
    outs:
    - path: data/data_processed/train
      md5: e7c8303d1e249232c25b2abc3a96b7b1.dir
      size: 83328415
      nfiles: 720
    - path: data/data_processed/val
      md5: 7ac79ef6b7b2a35e4792cc8a5542d8c8.dir
      size: 9890081
      nfiles: 80
  train:
    cmd: python src/train.py
    deps:
    - path: data/data_processed/train
      md5: e7c8303d1e249232c25b2abc3a96b7b1.dir
      size: 83328415
      nfiles: 720
    - path: data/data_processed/val
      md5: 7ac79ef6b7b2a35e4792cc8a5542d8c8.dir
      size: 9890081
      nfiles: 80
    - path: src/train.py
      md5: 736fa3f0c14ad62ad98a22d245e151a8
      size: 6407
    outs:
    - path: metrics/training_info.json
      md5: a944131dcfb8ba7aaa47985e8e82c197
      size: 174
    - path: metrics/training_logs
      md5: 8755ec8cc9c905edf458f34e59598198.dir
      size: 384691
      nfiles: 2
    - path: model
      md5: 7f57403c3628ce246eaa2576d41adabd.dir
      size: 68557892
      nfiles: 4
  evaluate:
    cmd: python src/evaluate.py
    deps:
    - path: data/data_processed/train
      md5: e7c8303d1e249232c25b2abc3a96b7b1.dir
      size: 83328415
      nfiles: 720
    - path: data/data_processed/val
      md5: 7ac79ef6b7b2a35e4792cc8a5542d8c8.dir
      size: 9890081
      nfiles: 80
    - path: model
      md5: 7f57403c3628ce246eaa2576d41adabd.dir
      size: 68557892
      nfiles: 4
    - path: src/evaluate.py
      md5: cc85e0ed7dda84f3f27648090b720b55
      size: 6025
    outs:
    - path: metrics/eval_metrics.json
      md5: fbac4cfbf9f4588bcee59835aa5a566e
      size: 1101
